
Microsoft Visual Studio Solution File, Format Version 12.00
# Visual Studio Version 17
VisualStudioVersion = 17.11.35208.52
MinimumVisualStudioVersion = 10.0.40219.1
Project("{FAE04EC0-301F-11D3-BF4B-00C04F79EFBC}") = "8008Sharp", "8008Sharp\8008Sharp.csproj", "{1283C68A-FCCC-46D3-9728-86A5643ACA08}"
EndProject
Global
	GlobalSection(SolutionConfigurationPlatforms) = preSolution
		Debug|Any CPU = Debug|Any CPU
		Release|Any CPU = Release|Any CPU
	EndGlobalSection
	GlobalSection(ProjectConfigurationPlatforms) = postSolution
		{1283C68A-FCCC-46D3-9728-86A5643ACA08}.Debug|Any CPU.ActiveCfg = Debug|Any CPU
		{1283C68A-FCCC-46D3-9728-86A5643ACA08}.Debug|Any CPU.Build.0 = Debug|Any CPU
		{1283C68A-FCCC-46D3-9728-86A5643ACA08}.Release|Any CPU.ActiveCfg = Release|Any CPU
		{1283C68A-FCCC-46D3-9728-86A5643ACA08}.Release|Any CPU.Build.0 = Release|Any CPU
	EndGlobalSection
	GlobalSection(SolutionProperties) = preSolution
		HideSolutionNode = FALSE
	EndGlobalSection
	GlobalSection(ExtensibilityGlobals) = postSolution
		SolutionGuid = {6DC7539D-CAE5-45EC-91C2-37BA8F5FD8D4}
	EndGlobalSection
EndGlobal
